
Microsoft Visual Studio Solution File, Format Version 12.00
# Visual Studio Version 16
VisualStudioVersion = 16.0.29721.120
MinimumVisualStudioVersion = 10.0.40219.1
Project("{FAE04EC0-301F-11D3-BF4B-00C04F79EFBC}") = "oop_lab1", "oop_lab1\oop_lab1.csproj", "{9878E3CC-1365-4F70-B6E2-EE56462DB0B6}"
EndProject
Global
	GlobalSection(SolutionConfigurationPlatforms) = preSolution
		Debug|Any CPU = Debug|Any CPU
		Release|Any CPU = Release|Any CPU
	EndGlobalSection
	GlobalSection(ProjectConfigurationPlatforms) = postSolution
		{9878E3CC-1365-4F70-B6E2-EE56462DB0B6}.Debug|Any CPU.ActiveCfg = Debug|Any CPU
		{9878E3CC-1365-4F70-B6E2-EE56462DB0B6}.Debug|Any CPU.Build.0 = Debug|Any CPU
		{9878E3CC-1365-4F70-B6E2-EE56462DB0B6}.Release|Any CPU.ActiveCfg = Release|Any CPU
		{9878E3CC-1365-4F70-B6E2-EE56462DB0B6}.Release|Any CPU.Build.0 = Release|Any CPU
	EndGlobalSection
	GlobalSection(SolutionProperties) = preSolution
		HideSolutionNode = FALSE
	EndGlobalSection
	GlobalSection(ExtensibilityGlobals) = postSolution
		SolutionGuid = {DB5BCF51-5BFC-4E13-8FEF-ECF5F19CA533}
	EndGlobalSection
EndGlobal
